
Microsoft Visual Studio Solution File, Format Version 12.00
# Visual Studio Version 17
VisualStudioVersion = 17.5.002.0
MinimumVisualStudioVersion = 10.0.40219.1
Project("{9A19103F-16F7-4668-BE54-9A1E7A4F7556}") = "DynamicApiWithSwagger", "DynamicApiWithSwagger.csproj", "{BEA866AD-C89F-4C63-8AA1-498CD9B8FBE4}"
EndProject
Global
	GlobalSection(SolutionConfigurationPlatforms) = preSolution
		Debug|Any CPU = Debug|Any CPU
		Release|Any CPU = Release|Any CPU
	EndGlobalSection
	GlobalSection(ProjectConfigurationPlatforms) = postSolution
		{BEA866AD-C89F-4C63-8AA1-498CD9B8FBE4}.Debug|Any CPU.ActiveCfg = Debug|Any CPU
		{BEA866AD-C89F-4C63-8AA1-498CD9B8FBE4}.Debug|Any CPU.Build.0 = Debug|Any CPU
		{BEA866AD-C89F-4C63-8AA1-498CD9B8FBE4}.Release|Any CPU.ActiveCfg = Release|Any CPU
		{BEA866AD-C89F-4C63-8AA1-498CD9B8FBE4}.Release|Any CPU.Build.0 = Release|Any CPU
	EndGlobalSection
	GlobalSection(SolutionProperties) = preSolution
		HideSolutionNode = FALSE
	EndGlobalSection
	GlobalSection(ExtensibilityGlobals) = postSolution
		SolutionGuid = {73DC82EF-197B-4905-951A-6145D36AB0E1}
	EndGlobalSection
EndGlobal
